
Microsoft Visual Studio Solution File, Format Version 12.00
# Visual Studio Version 17
VisualStudioVersion = 17.1.32228.430
MinimumVisualStudioVersion = 10.0.40219.1
Project("{FAE04EC0-301F-11D3-BF4B-00C04F79EFBC}") = "DataAccess", "DataAccess\DataAccess.csproj", "{CD4A79B7-DD69-4838-947A-37E08E0F821E}"
EndProject
Project("{FAE04EC0-301F-11D3-BF4B-00C04F79EFBC}") = "Business", "Business\Business.csproj", "{401AD4ED-1797-40CD-8795-BAB80E9E0788}"
EndProject
Project("{FAE04EC0-301F-11D3-BF4B-00C04F79EFBC}") = "Entities", "Entities\Entities.csproj", "{12EB9219-DB01-475E-BE39-C055DF96B568}"
EndProject
Project("{FAE04EC0-301F-11D3-BF4B-00C04F79EFBC}") = "ConsoleUI", "ConsoleUI\ConsoleUI.csproj", "{6E159B31-D25B-48C2-A121-E0768DFAB2AB}"
EndProject
Global
	GlobalSection(SolutionConfigurationPlatforms) = preSolution
		Debug|Any CPU = Debug|Any CPU
		Release|Any CPU = Release|Any CPU
	EndGlobalSection
	GlobalSection(ProjectConfigurationPlatforms) = postSolution
		{CD4A79B7-DD69-4838-947A-37E08E0F821E}.Debug|Any CPU.ActiveCfg = Debug|Any CPU
		{CD4A79B7-DD69-4838-947A-37E08E0F821E}.Debug|Any CPU.Build.0 = Debug|Any CPU
		{CD4A79B7-DD69-4838-947A-37E08E0F821E}.Release|Any CPU.ActiveCfg = Release|Any CPU
		{CD4A79B7-DD69-4838-947A-37E08E0F821E}.Release|Any CPU.Build.0 = Release|Any CPU
		{401AD4ED-1797-40CD-8795-BAB80E9E0788}.Debug|Any CPU.ActiveCfg = Debug|Any CPU
		{401AD4ED-1797-40CD-8795-BAB80E9E0788}.Debug|Any CPU.Build.0 = Debug|Any CPU
		{401AD4ED-1797-40CD-8795-BAB80E9E0788}.Release|Any CPU.ActiveCfg = Release|Any CPU
		{401AD4ED-1797-40CD-8795-BAB80E9E0788}.Release|Any CPU.Build.0 = Release|Any CPU
		{12EB9219-DB01-475E-BE39-C055DF96B568}.Debug|Any CPU.ActiveCfg = Debug|Any CPU
		{12EB9219-DB01-475E-BE39-C055DF96B568}.Debug|Any CPU.Build.0 = Debug|Any CPU
		{12EB9219-DB01-475E-BE39-C055DF96B568}.Release|Any CPU.ActiveCfg = Release|Any CPU
		{12EB9219-DB01-475E-BE39-C055DF96B568}.Release|Any CPU.Build.0 = Release|Any CPU
		{6E159B31-D25B-48C2-A121-E0768DFAB2AB}.Debug|Any CPU.ActiveCfg = Debug|Any CPU
		{6E159B31-D25B-48C2-A121-E0768DFAB2AB}.Debug|Any CPU.Build.0 = Debug|Any CPU
		{6E159B31-D25B-48C2-A121-E0768DFAB2AB}.Release|Any CPU.ActiveCfg = Release|Any CPU
		{6E159B31-D25B-48C2-A121-E0768DFAB2AB}.Release|Any CPU.Build.0 = Release|Any CPU
	EndGlobalSection
	GlobalSection(SolutionProperties) = preSolution
		HideSolutionNode = FALSE
	EndGlobalSection
	GlobalSection(ExtensibilityGlobals) = postSolution
		SolutionGuid = {8DD8B474-76E4-476B-892E-1D2E18249146}
	EndGlobalSection
EndGlobal
